
Microsoft Visual Studio Solution File, Format Version 12.00
# Visual Studio Version 17
VisualStudioVersion = 17.12.35707.178 d17.12
MinimumVisualStudioVersion = 10.0.40219.1
Project("{FAE04EC0-301F-11D3-BF4B-00C04F79EFBC}") = "SnipIt.SPA", "SnipIt.SPA\SnipIt.SPA.csproj", "{FE1A2AEF-A8B0-44C1-8DD8-B6E1AE12D5F2}"
EndProject
Project("{FAE04EC0-301F-11D3-BF4B-00C04F79EFBC}") = "SnipIt.API", "SnipIt.API\SnipIt.API.csproj", "{7140F1EB-AEC3-483F-BF43-A43721D977BB}"
EndProject
Project("{FAE04EC0-301F-11D3-BF4B-00C04F79EFBC}") = "SnipIt.Common", "SnipIt.Common\SnipIt.Common.csproj", "{7BE56BAE-73E6-454F-ADDE-B32729983ACC}"
EndProject
Global
	GlobalSection(SolutionConfigurationPlatforms) = preSolution
		Debug|Any CPU = Debug|Any CPU
		Release|Any CPU = Release|Any CPU
	EndGlobalSection
	GlobalSection(ProjectConfigurationPlatforms) = postSolution
		{FE1A2AEF-A8B0-44C1-8DD8-B6E1AE12D5F2}.Debug|Any CPU.ActiveCfg = Debug|Any CPU
		{FE1A2AEF-A8B0-44C1-8DD8-B6E1AE12D5F2}.Debug|Any CPU.Build.0 = Debug|Any CPU
		{FE1A2AEF-A8B0-44C1-8DD8-B6E1AE12D5F2}.Release|Any CPU.ActiveCfg = Release|Any CPU
		{FE1A2AEF-A8B0-44C1-8DD8-B6E1AE12D5F2}.Release|Any CPU.Build.0 = Release|Any CPU
		{7140F1EB-AEC3-483F-BF43-A43721D977BB}.Debug|Any CPU.ActiveCfg = Debug|Any CPU
		{7140F1EB-AEC3-483F-BF43-A43721D977BB}.Debug|Any CPU.Build.0 = Debug|Any CPU
		{7140F1EB-AEC3-483F-BF43-A43721D977BB}.Release|Any CPU.ActiveCfg = Release|Any CPU
		{7140F1EB-AEC3-483F-BF43-A43721D977BB}.Release|Any CPU.Build.0 = Release|Any CPU
		{7BE56BAE-73E6-454F-ADDE-B32729983ACC}.Debug|Any CPU.ActiveCfg = Debug|Any CPU
		{7BE56BAE-73E6-454F-ADDE-B32729983ACC}.Debug|Any CPU.Build.0 = Debug|Any CPU
		{7BE56BAE-73E6-454F-ADDE-B32729983ACC}.Release|Any CPU.ActiveCfg = Release|Any CPU
		{7BE56BAE-73E6-454F-ADDE-B32729983ACC}.Release|Any CPU.Build.0 = Release|Any CPU
	EndGlobalSection
	GlobalSection(SolutionProperties) = preSolution
		HideSolutionNode = FALSE
	EndGlobalSection
EndGlobal
